
Microsoft Visual Studio Solution File, Format Version 12.00
# Visual Studio 2012
Project("{8BC9CEB8-8B4A-11D0-8D11-00A0C91BC942}") = "QuickSort", "QuickSort\QuickSort.vcxproj", "{755871A1-E7E6-4E2F-8195-8B95DF488F83}"
EndProject
Global
	GlobalSection(SolutionConfigurationPlatforms) = preSolution
		Debug|Win32 = Debug|Win32
		Release|Win32 = Release|Win32
	EndGlobalSection
	GlobalSection(ProjectConfigurationPlatforms) = postSolution
		{755871A1-E7E6-4E2F-8195-8B95DF488F83}.Debug|Win32.ActiveCfg = Debug|Win32
		{755871A1-E7E6-4E2F-8195-8B95DF488F83}.Debug|Win32.Build.0 = Debug|Win32
		{755871A1-E7E6-4E2F-8195-8B95DF488F83}.Release|Win32.ActiveCfg = Release|Win32
		{755871A1-E7E6-4E2F-8195-8B95DF488F83}.Release|Win32.Build.0 = Release|Win32
	EndGlobalSection
	GlobalSection(SolutionProperties) = preSolution
		HideSolutionNode = FALSE
	EndGlobalSection
EndGlobal
